dependencies:
- name: redis
  repository: https://charts.bitnami.com/bitnami
  version: 17.10.2
- name: minio
  repository: https://charts.bitnami.com/bitnami
  version: 12.4.3
digest: sha256:d06eab341e73656ee427a8e7cb36c00ed0e75b11a136ee859e5aef58ec2d0c06
generated: "2023-05-07T12:02:47.260247+02:00"
