dependencies:
- name: redis
  repository: https://charts.bitnami.com/bitnami
  version: 17.10.2
- name: minio
  repository: https://charts.bitnami.com/bitnami
  version: 12.4.3
- name: elasticsearch
  repository: https://charts.bitnami.com/bitnami
  version: 19.8.0
digest: sha256:a3be562cc268c55566cabcf4df3183d531d82e542a0f990e109d3a8754be8494
generated: "2023-05-07T20:43:55.623173+02:00"
